
Microsoft Visual Studio Solution File, Format Version 12.00
Project("{FAE04EC0-301F-11D3-BF4B-00C04F79EFBC}") = "SecureAPiAut0", "SecureAPiAut0\SecureAPiAut0.csproj", "{CADED1ED-793D-412C-B774-E62963FA4F6E}"
EndProject
Global
	GlobalSection(SolutionConfigurationPlatforms) = preSolution
		Debug|Any CPU = Debug|Any CPU
		Release|Any CPU = Release|Any CPU
	EndGlobalSection
	GlobalSection(ProjectConfigurationPlatforms) = postSolution
		{CADED1ED-793D-412C-B774-E62963FA4F6E}.Debug|Any CPU.ActiveCfg = Debug|Any CPU
		{CADED1ED-793D-412C-B774-E62963FA4F6E}.Debug|Any CPU.Build.0 = Debug|Any CPU
		{CADED1ED-793D-412C-B774-E62963FA4F6E}.Release|Any CPU.ActiveCfg = Release|Any CPU
		{CADED1ED-793D-412C-B774-E62963FA4F6E}.Release|Any CPU.Build.0 = Release|Any CPU
	EndGlobalSection
EndGlobal
