
Microsoft Visual Studio Solution File, Format Version 12.00
Project("{FAE04EC0-301F-11D3-BF4B-00C04F79EFBC}") = "CobolTest", "CobolTest\CobolTest.csproj", "{0D0CF51D-80D7-435C-95F4-0908A014A384}"
EndProject
Global
	GlobalSection(SolutionConfigurationPlatforms) = preSolution
		Debug|Any CPU = Debug|Any CPU
		Release|Any CPU = Release|Any CPU
	EndGlobalSection
	GlobalSection(ProjectConfigurationPlatforms) = postSolution
		{0D0CF51D-80D7-435C-95F4-0908A014A384}.Debug|Any CPU.ActiveCfg = Debug|Any CPU
		{0D0CF51D-80D7-435C-95F4-0908A014A384}.Debug|Any CPU.Build.0 = Debug|Any CPU
		{0D0CF51D-80D7-435C-95F4-0908A014A384}.Release|Any CPU.ActiveCfg = Release|Any CPU
		{0D0CF51D-80D7-435C-95F4-0908A014A384}.Release|Any CPU.Build.0 = Release|Any CPU
	EndGlobalSection
EndGlobal
